{
  "requires": true,
  "lockfileVersion": 1,
  "dependencies": {
    "@turf/helpers": {
      "version": "6.1.4",
      "resolved": "https://registry.npmjs.org/@turf/helpers/-/helpers-6.1.4.tgz",
      "integrity": "sha512-vJvrdOZy1ngC7r3MDA7zIGSoIgyrkWcGnNIEaqn/APmw+bVLF2gAW7HIsdTxd12s5wQMqEpqIQrmrbRRZ0xC7g=="
    },
    "@turf/meta": {
      "version": "6.0.2",
      "resolved": "https://registry.npmjs.org/@turf/meta/-/meta-6.0.2.tgz",
      "integrity": "sha512-VA7HJkx7qF1l3+GNGkDVn2oXy4+QoLP6LktXAaZKjuT1JI0YESat7quUkbCMy4zP9lAUuvS4YMslLyTtr919FA==",
      "requires": {
        "@turf/helpers": "6.1.4"
      }
    },
    "leaflet": {
      "version": "1.3.3",
      "resolved": "https://registry.npmjs.org/leaflet/-/leaflet-1.3.3.tgz",
      "integrity": "sha512-R9Cu5s0bdEXb9zh0nU17pV00IEvRh4xpWR9g1Oqz17jEDuMtkhy6DoYN1Q5WjvoDMRmq389zDVueUs9A2uWZSg=="
    },
    "leaflet-polylinedecorator": {
      "version": "1.6.0",
      "resolved": "https://registry.npmjs.org/leaflet-polylinedecorator/-/leaflet-polylinedecorator-1.6.0.tgz",
      "integrity": "sha1-nvef0bUwLWe3Lv6Vmo7NJVPycmY=",
      "requires": {
        "leaflet-rotatedmarker": "0.2.0"
      }
    },
    "leaflet-polylineoffset": {
      "version": "1.1.1",
      "resolved": "https://registry.npmjs.org/leaflet-polylineoffset/-/leaflet-polylineoffset-1.1.1.tgz",
      "integrity": "sha512-WcEjAROx9IhIVwSMoFy9p2QBCG9YeuGtJl4ZdunIgj4xbCdTrUkBj8JdonUeCyLPnD2/Vrem/raOPHm5LvebSw=="
    },
    "leaflet-rotatedmarker": {
      "version": "0.2.0",
      "resolved": "https://registry.npmjs.org/leaflet-rotatedmarker/-/leaflet-rotatedmarker-0.2.0.tgz",
      "integrity": "sha1-RGf0n5jRv9VpWb2cZwUgPdJgEnc="
    }
  }
}
