{
  "requires": true,
  "lockfileVersion": 1,
  "dependencies": {
    "leaflet": {
      "version": "1.3.3",
      "resolved": "https://registry.npmjs.org/leaflet/-/leaflet-1.3.3.tgz",
      "integrity": "sha512-R9Cu5s0bdEXb9zh0nU17pV00IEvRh4xpWR9g1Oqz17jEDuMtkhy6DoYN1Q5WjvoDMRmq389zDVueUs9A2uWZSg=="
    },
    "leaflet-polylinedecorator": {
      "version": "1.6.0",
      "resolved": "https://registry.npmjs.org/leaflet-polylinedecorator/-/leaflet-polylinedecorator-1.6.0.tgz",
      "integrity": "sha1-nvef0bUwLWe3Lv6Vmo7NJVPycmY=",
      "requires": {
        "leaflet-rotatedmarker": "0.2.0"
      }
    },
    "leaflet-rotatedmarker": {
      "version": "0.2.0",
      "resolved": "https://registry.npmjs.org/leaflet-rotatedmarker/-/leaflet-rotatedmarker-0.2.0.tgz",
      "integrity": "sha1-RGf0n5jRv9VpWb2cZwUgPdJgEnc="
    }
  }
}
